Microsoft Visual Studio Solution File, Format Version 12.00
# Visual Studio Version 17
VisualStudioVersion = 17.13.35507.96
MinimumVisualStudioVersion = 10.0.40219.1
Project("{8BC9CEB8-8B4A-11D0-8D11-00A0C91BC942}") = "pac_man", "pac_man\pac_man.vcxproj", "{D70363D7-4FF1-4F0A-BDCB-79311C59840B}"
EndProject
Project("{54435603-DBB4-11D2-8724-00A0C9A8B90C}") = "pacman_setup_win11_x64", "setup\pacman_setup_win11_x64\pacman_setup_win11_x64.vdproj", "{A2E7F6A7-722C-E066-10F4-B4247CC7B2C2}"
EndProject
Global
	GlobalSection(SolutionConfigurationPlatforms) = preSolution
		Debug|x64 = Debug|x64
		Debug|x86 = Debug|x86
		Release|x64 = Release|x64
		Release|x86 = Release|x86
	EndGlobalSection
	GlobalSection(ProjectConfigurationPlatforms) = postSolution
		{D70363D7-4FF1-4F0A-BDCB-79311C59840B}.Debug|x64.ActiveCfg = Debug|x64
		{D70363D7-4FF1-4F0A-BDCB-79311C59840B}.Debug|x64.Build.0 = Debug|x64
		{D70363D7-4FF1-4F0A-BDCB-79311C59840B}.Debug|x86.ActiveCfg = Debug|Win32
		{D70363D7-4FF1-4F0A-BDCB-79311C59840B}.Debug|x86.Build.0 = Debug|Win32
		{D70363D7-4FF1-4F0A-BDCB-79311C59840B}.Release|x64.ActiveCfg = Release|x64
		{D70363D7-4FF1-4F0A-BDCB-79311C59840B}.Release|x64.Build.0 = Release|x64
		{D70363D7-4FF1-4F0A-BDCB-79311C59840B}.Release|x86.ActiveCfg = Release|Win32
		{D70363D7-4FF1-4F0A-BDCB-79311C59840B}.Release|x86.Build.0 = Release|Win32
		{A2E7F6A7-722C-E066-10F4-B4247CC7B2C2}.Debug|x64.ActiveCfg = Debug|x64
		{A2E7F6A7-722C-E066-10F4-B4247CC7B2C2}.Debug|x64.Build.0 = Debug|x64
		{A2E7F6A7-722C-E066-10F4-B4247CC7B2C2}.Debug|x86.ActiveCfg = Debug|x86
		{A2E7F6A7-722C-E066-10F4-B4247CC7B2C2}.Debug|x86.Build.0 = Debug|x86
		{A2E7F6A7-722C-E066-10F4-B4247CC7B2C2}.Release|x64.ActiveCfg = Release|x64
		{A2E7F6A7-722C-E066-10F4-B4247CC7B2C2}.Release|x64.Build.0 = Release|x64
		{A2E7F6A7-722C-E066-10F4-B4247CC7B2C2}.Release|x86.ActiveCfg = Release|x86
		{A2E7F6A7-722C-E066-10F4-B4247CC7B2C2}.Release|x86.Build.0 = Release|x86
	EndGlobalSection
	GlobalSection(SolutionProperties) = preSolution
		HideSolutionNode = FALSE
	EndGlobalSection
	GlobalSection(ExtensibilityGlobals) = postSolution
		SolutionGuid = {13692B3B-B1DC-469C-8F8C-829A9F49C850}
	EndGlobalSection
EndGlobal
